{
  "name": "node-webgl",
  "version": "0.5.5",
  "lockfileVersion": 1,
  "dependencies": {
    "bindings": {
      "version": "1.2.1",
      "resolved": "https://registry.npmjs.org/bindings/-/bindings-1.2.1.tgz",
      "integrity": "sha1-FK1hE4EtLTfXLme0ystLtyZQXxE="
    },
    "nan": {
      "version": "2.6.2",
      "resolved": "https://registry.npmjs.org/nan/-/nan-2.6.2.tgz",
      "integrity": "sha1-5P805slf37WuzAjeZZb0NgWn20U="
    },
    "node-glfw-3": {
      "version": "0.3.4",
      "resolved": "https://registry.npmjs.org/node-glfw-3/-/node-glfw-3-0.3.4.tgz",
      "integrity": "sha512-IO7Jrc8MVBcXgtpkD13wwSjb6JCMLQW1evNCGwmY1+q4twBoCQhm9RtzpTp1u0zLTpqKZmkfigsfOT0qkq0FSg==",
      "requires": {
        "nan": "2.10.0"
      }
    }
  }
}
